
Microsoft Visual Studio Solution File, Format Version 12.00
# Visual Studio Version 17
VisualStudioVersion = 17.8.34330.188
MinimumVisualStudioVersion = 10.0.40219.1
Project("{FAE04EC0-301F-11D3-BF4B-00C04F79EFBC}") = "E-Tickets", "E-Tickets\E-Tickets.csproj", "{615DCC6E-9253-4FC0-B312-2D4FC3C9BE19}"
EndProject
Global
	GlobalSection(SolutionConfigurationPlatforms) = preSolution
		Debug|Any CPU = Debug|Any CPU
		Release|Any CPU = Release|Any CPU
	EndGlobalSection
	GlobalSection(ProjectConfigurationPlatforms) = postSolution
		{615DCC6E-9253-4FC0-B312-2D4FC3C9BE19}.Debug|Any CPU.ActiveCfg = Debug|Any CPU
		{615DCC6E-9253-4FC0-B312-2D4FC3C9BE19}.Debug|Any CPU.Build.0 = Debug|Any CPU
		{615DCC6E-9253-4FC0-B312-2D4FC3C9BE19}.Release|Any CPU.ActiveCfg = Release|Any CPU
		{615DCC6E-9253-4FC0-B312-2D4FC3C9BE19}.Release|Any CPU.Build.0 = Release|Any CPU
	EndGlobalSection
	GlobalSection(SolutionProperties) = preSolution
		HideSolutionNode = FALSE
	EndGlobalSection
	GlobalSection(ExtensibilityGlobals) = postSolution
		SolutionGuid = {C51881EA-B690-4B24-B302-400307D57C48}
	EndGlobalSection
EndGlobal
